
Microsoft Visual Studio Solution File, Format Version 12.00
# Visual Studio 2010
Project("{FAE04EC0-301F-11D3-BF4B-00C04F79EFBC}") = "VESHTest", "VESHTest\VESHTest.csproj", "{17D50EE7-C336-4F80-9CF1-310CB5C602FE}"
EndProject
Project("{FAE04EC0-301F-11D3-BF4B-00C04F79EFBC}") = "GCL.Project.VESH", "..\GCL\VESH\GCL.Project.VESH.csproj", "{14CFCE1B-881B-4041-A5F9-1F6BB952F364}"
EndProject
Project("{FAE04EC0-301F-11D3-BF4B-00C04F79EFBC}") = "SAASPortal", "..\AllInOne\Web\SAASPortal\SAASPortal.csproj", "{2E0ED76B-20AC-4CB6-A7E9-5CF5736A747B}"
EndProject
Project("{FAE04EC0-301F-11D3-BF4B-00C04F79EFBC}") = "GCL", "..\GCL\GCL\GCL.csproj", "{35640A61-09DB-4747-B113-BE40C17A3621}"
EndProject
Global
	GlobalSection(SolutionConfigurationPlatforms) = preSolution
		Debug|Any CPU = Debug|Any CPU
		Debug|x64 = Debug|x64
		Debug|x86 = Debug|x86
		Release|Any CPU = Release|Any CPU
		Release|x64 = Release|x64
		Release|x86 = Release|x86
		x86|Any CPU = x86|Any CPU
		x86|x64 = x86|x64
		x86|x86 = x86|x86
	EndGlobalSection
	GlobalSection(ProjectConfigurationPlatforms) = postSolution
		{17D50EE7-C336-4F80-9CF1-310CB5C602FE}.Debug|Any CPU.ActiveCfg = Debug|Any CPU
		{17D50EE7-C336-4F80-9CF1-310CB5C602FE}.Debug|Any CPU.Build.0 = Debug|Any CPU
		{17D50EE7-C336-4F80-9CF1-310CB5C602FE}.Debug|x64.ActiveCfg = Debug|Any CPU
		{17D50EE7-C336-4F80-9CF1-310CB5C602FE}.Debug|x86.ActiveCfg = Debug|Any CPU
		{17D50EE7-C336-4F80-9CF1-310CB5C602FE}.Release|Any CPU.ActiveCfg = Release|Any CPU
		{17D50EE7-C336-4F80-9CF1-310CB5C602FE}.Release|Any CPU.Build.0 = Release|Any CPU
		{17D50EE7-C336-4F80-9CF1-310CB5C602FE}.Release|x64.ActiveCfg = Release|Any CPU
		{17D50EE7-C336-4F80-9CF1-310CB5C602FE}.Release|x86.ActiveCfg = Release|Any CPU
		{17D50EE7-C336-4F80-9CF1-310CB5C602FE}.x86|Any CPU.ActiveCfg = Release|Any CPU
		{17D50EE7-C336-4F80-9CF1-310CB5C602FE}.x86|Any CPU.Build.0 = Release|Any CPU
		{17D50EE7-C336-4F80-9CF1-310CB5C602FE}.x86|x64.ActiveCfg = Release|Any CPU
		{17D50EE7-C336-4F80-9CF1-310CB5C602FE}.x86|x86.ActiveCfg = Release|Any CPU
		{14CFCE1B-881B-4041-A5F9-1F6BB952F364}.Debug|Any CPU.ActiveCfg = Debug|Any CPU
		{14CFCE1B-881B-4041-A5F9-1F6BB952F364}.Debug|x64.ActiveCfg = Debug|x64
		{14CFCE1B-881B-4041-A5F9-1F6BB952F364}.Debug|x64.Build.0 = Debug|x64
		{14CFCE1B-881B-4041-A5F9-1F6BB952F364}.Debug|x86.ActiveCfg = Debug|x86
		{14CFCE1B-881B-4041-A5F9-1F6BB952F364}.Debug|x86.Build.0 = Debug|x86
		{14CFCE1B-881B-4041-A5F9-1F6BB952F364}.Release|Any CPU.ActiveCfg = Release|Any CPU
		{14CFCE1B-881B-4041-A5F9-1F6BB952F364}.Release|Any CPU.Build.0 = Release|Any CPU
		{14CFCE1B-881B-4041-A5F9-1F6BB952F364}.Release|x64.ActiveCfg = Release|x64
		{14CFCE1B-881B-4041-A5F9-1F6BB952F364}.Release|x64.Build.0 = Release|x64
		{14CFCE1B-881B-4041-A5F9-1F6BB952F364}.Release|x86.ActiveCfg = Release|x86
		{14CFCE1B-881B-4041-A5F9-1F6BB952F364}.Release|x86.Build.0 = Release|x86
		{14CFCE1B-881B-4041-A5F9-1F6BB952F364}.x86|Any CPU.ActiveCfg = x86|Any CPU
		{14CFCE1B-881B-4041-A5F9-1F6BB952F364}.x86|Any CPU.Build.0 = x86|Any CPU
		{14CFCE1B-881B-4041-A5F9-1F6BB952F364}.x86|x64.ActiveCfg = x86|x64
		{14CFCE1B-881B-4041-A5F9-1F6BB952F364}.x86|x64.Build.0 = x86|x64
		{14CFCE1B-881B-4041-A5F9-1F6BB952F364}.x86|x86.ActiveCfg = x86|x86
		{14CFCE1B-881B-4041-A5F9-1F6BB952F364}.x86|x86.Build.0 = x86|x86
		{2E0ED76B-20AC-4CB6-A7E9-5CF5736A747B}.Debug|Any CPU.ActiveCfg = Debug|Any CPU
		{2E0ED76B-20AC-4CB6-A7E9-5CF5736A747B}.Debug|x64.ActiveCfg = Debug|Any CPU
		{2E0ED76B-20AC-4CB6-A7E9-5CF5736A747B}.Debug|x86.ActiveCfg = Debug|Any CPU
		{2E0ED76B-20AC-4CB6-A7E9-5CF5736A747B}.Release|Any CPU.ActiveCfg = Release|Any CPU
		{2E0ED76B-20AC-4CB6-A7E9-5CF5736A747B}.Release|Any CPU.Build.0 = Release|Any CPU
		{2E0ED76B-20AC-4CB6-A7E9-5CF5736A747B}.Release|x64.ActiveCfg = Release|Any CPU
		{2E0ED76B-20AC-4CB6-A7E9-5CF5736A747B}.Release|x86.ActiveCfg = Release|Any CPU
		{2E0ED76B-20AC-4CB6-A7E9-5CF5736A747B}.x86|Any CPU.ActiveCfg = Release|Any CPU
		{2E0ED76B-20AC-4CB6-A7E9-5CF5736A747B}.x86|Any CPU.Build.0 = Release|Any CPU
		{2E0ED76B-20AC-4CB6-A7E9-5CF5736A747B}.x86|x64.ActiveCfg = Release|Any CPU
		{2E0ED76B-20AC-4CB6-A7E9-5CF5736A747B}.x86|x86.ActiveCfg = Release|Any CPU
		{35640A61-09DB-4747-B113-BE40C17A3621}.Debug|Any CPU.ActiveCfg = Debug|Any CPU
		{35640A61-09DB-4747-B113-BE40C17A3621}.Debug|x64.ActiveCfg = Debug|x64
		{35640A61-09DB-4747-B113-BE40C17A3621}.Debug|x64.Build.0 = Debug|x64
		{35640A61-09DB-4747-B113-BE40C17A3621}.Debug|x86.ActiveCfg = Debug|x86
		{35640A61-09DB-4747-B113-BE40C17A3621}.Debug|x86.Build.0 = Debug|x86
		{35640A61-09DB-4747-B113-BE40C17A3621}.Release|Any CPU.ActiveCfg = Release|Any CPU
		{35640A61-09DB-4747-B113-BE40C17A3621}.Release|Any CPU.Build.0 = Release|Any CPU
		{35640A61-09DB-4747-B113-BE40C17A3621}.Release|x64.ActiveCfg = Release|x64
		{35640A61-09DB-4747-B113-BE40C17A3621}.Release|x64.Build.0 = Release|x64
		{35640A61-09DB-4747-B113-BE40C17A3621}.Release|x86.ActiveCfg = Release|x86
		{35640A61-09DB-4747-B113-BE40C17A3621}.Release|x86.Build.0 = Release|x86
		{35640A61-09DB-4747-B113-BE40C17A3621}.x86|Any CPU.ActiveCfg = x86|Any CPU
		{35640A61-09DB-4747-B113-BE40C17A3621}.x86|Any CPU.Build.0 = x86|Any CPU
		{35640A61-09DB-4747-B113-BE40C17A3621}.x86|x64.ActiveCfg = x86|x64
		{35640A61-09DB-4747-B113-BE40C17A3621}.x86|x64.Build.0 = x86|x64
		{35640A61-09DB-4747-B113-BE40C17A3621}.x86|x86.ActiveCfg = x86|x86
		{35640A61-09DB-4747-B113-BE40C17A3621}.x86|x86.Build.0 = x86|x86
	EndGlobalSection
	GlobalSection(SolutionProperties) = preSolution
		HideSolutionNode = FALSE
	EndGlobalSection
EndGlobal
